
Microsoft Visual Studio Solution File, Format Version 12.00
# Visual Studio Version 16
VisualStudioVersion = 16.0.32228.343
MinimumVisualStudioVersion = 10.0.40219.1
Project("{FAE04EC0-301F-11D3-BF4B-00C04F79EFBC}") = "assesment", "assesment\assesment.csproj", "{1AEDB58C-C665-4F5B-93B8-1A705E4708BC}"
EndProject
Global
	GlobalSection(SolutionConfigurationPlatforms) = preSolution
		Debug|Any CPU = Debug|Any CPU
		Release|Any CPU = Release|Any CPU
	EndGlobalSection
	GlobalSection(ProjectConfigurationPlatforms) = postSolution
		{1AEDB58C-C665-4F5B-93B8-1A705E4708BC}.Debug|Any CPU.ActiveCfg = Debug|Any CPU
		{1AEDB58C-C665-4F5B-93B8-1A705E4708BC}.Debug|Any CPU.Build.0 = Debug|Any CPU
		{1AEDB58C-C665-4F5B-93B8-1A705E4708BC}.Release|Any CPU.ActiveCfg = Release|Any CPU
		{1AEDB58C-C665-4F5B-93B8-1A705E4708BC}.Release|Any CPU.Build.0 = Release|Any CPU
	EndGlobalSection
	GlobalSection(SolutionProperties) = preSolution
		HideSolutionNode = FALSE
	EndGlobalSection
	GlobalSection(ExtensibilityGlobals) = postSolution
		SolutionGuid = {2DBF939A-3DE3-4459-BC72-512774298B7A}
	EndGlobalSection
EndGlobal
