
Microsoft Visual Studio Solution File, Format Version 12.00
# Visual Studio Version 16
VisualStudioVersion = 16.0.32228.343
MinimumVisualStudioVersion = 10.0.40219.1
Project("{FAE04EC0-301F-11D3-BF4B-00C04F79EFBC}") = "Point And Boundry", "Point And Boundry\Point And Boundry.csproj", "{3FDFCF69-8DC2-470F-A806-866FC18B086B}"
EndProject
Global
	GlobalSection(SolutionConfigurationPlatforms) = preSolution
		Debug|Any CPU = Debug|Any CPU
		Release|Any CPU = Release|Any CPU
	EndGlobalSection
	GlobalSection(ProjectConfigurationPlatforms) = postSolution
		{3FDFCF69-8DC2-470F-A806-866FC18B086B}.Debug|Any CPU.ActiveCfg = Debug|Any CPU
		{3FDFCF69-8DC2-470F-A806-866FC18B086B}.Debug|Any CPU.Build.0 = Debug|Any CPU
		{3FDFCF69-8DC2-470F-A806-866FC18B086B}.Release|Any CPU.ActiveCfg = Release|Any CPU
		{3FDFCF69-8DC2-470F-A806-866FC18B086B}.Release|Any CPU.Build.0 = Release|Any CPU
	EndGlobalSection
	GlobalSection(SolutionProperties) = preSolution
		HideSolutionNode = FALSE
	EndGlobalSection
	GlobalSection(ExtensibilityGlobals) = postSolution
		SolutionGuid = {FDD224C9-DD41-467A-B939-6A22F210AC4E}
	EndGlobalSection
EndGlobal
