
Microsoft Visual Studio Solution File, Format Version 12.00
# Visual Studio Version 16
VisualStudioVersion = 16.0.32228.343
MinimumVisualStudioVersion = 10.0.40219.1
Project("{FAE04EC0-301F-11D3-BF4B-00C04F79EFBC}") = "BootingC-Sharp", "BootingC-Sharp\BootingC-Sharp.csproj", "{92ECACF3-1BE9-41B2-BD6F-1B0D6F82BF68}"
EndProject
Global
	GlobalSection(SolutionConfigurationPlatforms) = preSolution
		Debug|Any CPU = Debug|Any CPU
		Release|Any CPU = Release|Any CPU
	EndGlobalSection
	GlobalSection(ProjectConfigurationPlatforms) = postSolution
		{92ECACF3-1BE9-41B2-BD6F-1B0D6F82BF68}.Debug|Any CPU.ActiveCfg = Debug|Any CPU
		{92ECACF3-1BE9-41B2-BD6F-1B0D6F82BF68}.Debug|Any CPU.Build.0 = Debug|Any CPU
		{92ECACF3-1BE9-41B2-BD6F-1B0D6F82BF68}.Release|Any CPU.ActiveCfg = Release|Any CPU
		{92ECACF3-1BE9-41B2-BD6F-1B0D6F82BF68}.Release|Any CPU.Build.0 = Release|Any CPU
	EndGlobalSection
	GlobalSection(SolutionProperties) = preSolution
		HideSolutionNode = FALSE
	EndGlobalSection
	GlobalSection(ExtensibilityGlobals) = postSolution
		SolutionGuid = {12DDFDE6-DC93-4DCB-BD0A-87CB5200503C}
	EndGlobalSection
EndGlobal
