
Microsoft Visual Studio Solution File, Format Version 12.00
# Visual Studio Version 16
VisualStudioVersion = 16.0.32228.343
MinimumVisualStudioVersion = 10.0.40219.1
Project("{FAE04EC0-301F-11D3-BF4B-00C04F79EFBC}") = "UniversityAdmissionManagementSystem", "UniversityAdmissionManagementSystem\UniversityAdmissionManagementSystem.csproj", "{337E993E-C8AD-4C34-B0A7-491A975B6EC9}"
EndProject
Global
	GlobalSection(SolutionConfigurationPlatforms) = preSolution
		Debug|Any CPU = Debug|Any CPU
		Release|Any CPU = Release|Any CPU
	EndGlobalSection
	GlobalSection(ProjectConfigurationPlatforms) = postSolution
		{337E993E-C8AD-4C34-B0A7-491A975B6EC9}.Debug|Any CPU.ActiveCfg = Debug|Any CPU
		{337E993E-C8AD-4C34-B0A7-491A975B6EC9}.Debug|Any CPU.Build.0 = Debug|Any CPU
		{337E993E-C8AD-4C34-B0A7-491A975B6EC9}.Release|Any CPU.ActiveCfg = Release|Any CPU
		{337E993E-C8AD-4C34-B0A7-491A975B6EC9}.Release|Any CPU.Build.0 = Release|Any CPU
	EndGlobalSection
	GlobalSection(SolutionProperties) = preSolution
		HideSolutionNode = FALSE
	EndGlobalSection
	GlobalSection(ExtensibilityGlobals) = postSolution
		SolutionGuid = {E9792D96-EA30-47B5-AD09-73E381D9E829}
	EndGlobalSection
EndGlobal
